
Microsoft Visual Studio Solution File, Format Version 12.00
# Visual Studio Version 17
VisualStudioVersion = 17.5.33414.496
MinimumVisualStudioVersion = 10.0.40219.1
Project("{FAE04EC0-301F-11D3-BF4B-00C04F79EFBC}") = "FINAL GERADOR", "FINAL GERADOR\FINAL GERADOR.csproj", "{569223FF-A338-4FDA-8D7A-159615E2FE16}"
EndProject
Global
	GlobalSection(SolutionConfigurationPlatforms) = preSolution
		Debug|Any CPU = Debug|Any CPU
		Release|Any CPU = Release|Any CPU
	EndGlobalSection
	GlobalSection(ProjectConfigurationPlatforms) = postSolution
		{569223FF-A338-4FDA-8D7A-159615E2FE16}.Debug|Any CPU.ActiveCfg = Debug|Any CPU
		{569223FF-A338-4FDA-8D7A-159615E2FE16}.Debug|Any CPU.Build.0 = Debug|Any CPU
		{569223FF-A338-4FDA-8D7A-159615E2FE16}.Release|Any CPU.ActiveCfg = Release|Any CPU
		{569223FF-A338-4FDA-8D7A-159615E2FE16}.Release|Any CPU.Build.0 = Release|Any CPU
	EndGlobalSection
	GlobalSection(SolutionProperties) = preSolution
		HideSolutionNode = FALSE
	EndGlobalSection
	GlobalSection(ExtensibilityGlobals) = postSolution
		SolutionGuid = {E6589FCE-ED9C-4D34-A2F3-9196CE0403D4}
	EndGlobalSection
EndGlobal
